
Microsoft Visual Studio Solution File, Format Version 12.00
# Visual Studio Version 17
VisualStudioVersion = 17.9.34714.143
MinimumVisualStudioVersion = 10.0.40219.1
Project("{9A19103F-16F7-4668-BE54-9A1E7A4F7556}") = "MyCleanArchitecture.Api", "MyCleanArchitecture.Api\MyCleanArchitecture.Api.csproj", "{63BC5909-8A87-4FDE-BA5D-6420AC31288D}"
EndProject
Project("{2150E333-8FDC-42A3-9474-1A3956D46DE8}") = "Элементы решения", "Элементы решения", "{91BB62CD-F71C-47E5-AB9D-4C4687E842DC}"
	ProjectSection(SolutionItems) = preProject
		.editorconfig = .editorconfig
	EndProjectSection
EndProject
Global
	GlobalSection(SolutionConfigurationPlatforms) = preSolution
		Debug|Any CPU = Debug|Any CPU
		Release|Any CPU = Release|Any CPU
	EndGlobalSection
	GlobalSection(ProjectConfigurationPlatforms) = postSolution
		{63BC5909-8A87-4FDE-BA5D-6420AC31288D}.Debug|Any CPU.ActiveCfg = Debug|Any CPU
		{63BC5909-8A87-4FDE-BA5D-6420AC31288D}.Debug|Any CPU.Build.0 = Debug|Any CPU
		{63BC5909-8A87-4FDE-BA5D-6420AC31288D}.Release|Any CPU.ActiveCfg = Release|Any CPU
		{63BC5909-8A87-4FDE-BA5D-6420AC31288D}.Release|Any CPU.Build.0 = Release|Any CPU
	EndGlobalSection
	GlobalSection(SolutionProperties) = preSolution
		HideSolutionNode = FALSE
	EndGlobalSection
	GlobalSection(ExtensibilityGlobals) = postSolution
		SolutionGuid = {8652C6E4-6BC9-4E05-BFCC-665E444EFD20}
	EndGlobalSection
EndGlobal
